
Microsoft Visual Studio Solution File, Format Version 12.00
# Visual Studio Version 17
VisualStudioVersion = 17.4.33213.308
MinimumVisualStudioVersion = 10.0.40219.1
Project("{9A19103F-16F7-4668-BE54-9A1E7A4F7556}") = "day3", "day3\day3.csproj", "{080A7B02-A1FA-4890-AE9C-97FD84A24389}"
EndProject
Project("{FAE04EC0-301F-11D3-BF4B-00C04F79EFBC}") = "System", "System\System.csproj", "{5994FCFC-7339-44C1-9E79-87197F0FAA8E}"
EndProject
Global
	GlobalSection(SolutionConfigurationPlatforms) = preSolution
		Debug|Any CPU = Debug|Any CPU
		Release|Any CPU = Release|Any CPU
	EndGlobalSection
	GlobalSection(ProjectConfigurationPlatforms) = postSolution
		{080A7B02-A1FA-4890-AE9C-97FD84A24389}.Debug|Any CPU.ActiveCfg = Debug|Any CPU
		{080A7B02-A1FA-4890-AE9C-97FD84A24389}.Debug|Any CPU.Build.0 = Debug|Any CPU
		{080A7B02-A1FA-4890-AE9C-97FD84A24389}.Release|Any CPU.ActiveCfg = Release|Any CPU
		{080A7B02-A1FA-4890-AE9C-97FD84A24389}.Release|Any CPU.Build.0 = Release|Any CPU
		{5994FCFC-7339-44C1-9E79-87197F0FAA8E}.Debug|Any CPU.ActiveCfg = Debug|Any CPU
		{5994FCFC-7339-44C1-9E79-87197F0FAA8E}.Debug|Any CPU.Build.0 = Debug|Any CPU
		{5994FCFC-7339-44C1-9E79-87197F0FAA8E}.Release|Any CPU.ActiveCfg = Release|Any CPU
		{5994FCFC-7339-44C1-9E79-87197F0FAA8E}.Release|Any CPU.Build.0 = Release|Any CPU
	EndGlobalSection
	GlobalSection(SolutionProperties) = preSolution
		HideSolutionNode = FALSE
	EndGlobalSection
	GlobalSection(ExtensibilityGlobals) = postSolution
		SolutionGuid = {E78D3C8C-DCB4-4F66-AC8C-904DD5123E0F}
	EndGlobalSection
EndGlobal
